
Microsoft Visual Studio Solution File, Format Version 12.00
# Visual Studio Version 17
VisualStudioVersion = 17.10.35122.118
MinimumVisualStudioVersion = 10.0.40219.1
Project("{FAE04EC0-301F-11D3-BF4B-00C04F79EFBC}") = "Notes", "Notes\Notes.csproj", "{8E505FEB-DD2D-4E90-892C-0D5DB69C9FB1}"
EndProject
Global
	GlobalSection(SolutionConfigurationPlatforms) = preSolution
		Debug|Any CPU = Debug|Any CPU
		Release|Any CPU = Release|Any CPU
	EndGlobalSection
	GlobalSection(ProjectConfigurationPlatforms) = postSolution
		{8E505FEB-DD2D-4E90-892C-0D5DB69C9FB1}.Debug|Any CPU.ActiveCfg = Debug|Any CPU
		{8E505FEB-DD2D-4E90-892C-0D5DB69C9FB1}.Debug|Any CPU.Build.0 = Debug|Any CPU
		{8E505FEB-DD2D-4E90-892C-0D5DB69C9FB1}.Debug|Any CPU.Deploy.0 = Debug|Any CPU
		{8E505FEB-DD2D-4E90-892C-0D5DB69C9FB1}.Release|Any CPU.ActiveCfg = Release|Any CPU
		{8E505FEB-DD2D-4E90-892C-0D5DB69C9FB1}.Release|Any CPU.Build.0 = Release|Any CPU
		{8E505FEB-DD2D-4E90-892C-0D5DB69C9FB1}.Release|Any CPU.Deploy.0 = Release|Any CPU
	EndGlobalSection
	GlobalSection(SolutionProperties) = preSolution
		HideSolutionNode = FALSE
	EndGlobalSection
	GlobalSection(ExtensibilityGlobals) = postSolution
		SolutionGuid = {0C11C067-FF19-47B0-8AD5-32F8E32B9657}
	EndGlobalSection
EndGlobal
